
Microsoft Visual Studio Solution File, Format Version 12.00
# Visual Studio Version 16
VisualStudioVersion = 16.0.29503.13
MinimumVisualStudioVersion = 10.0.40219.1
Project("{FAE04EC0-301F-11D3-BF4B-00C04F79EFBC}") = "BasicRecursive", "BasicRecursive\BasicRecursive.csproj", "{34F8880C-F143-4133-8B21-2BD7780AB1B8}"
EndProject
Global
	GlobalSection(SolutionConfigurationPlatforms) = preSolution
		Debug|Any CPU = Debug|Any CPU
		Release|Any CPU = Release|Any CPU
	EndGlobalSection
	GlobalSection(ProjectConfigurationPlatforms) = postSolution
		{34F8880C-F143-4133-8B21-2BD7780AB1B8}.Debug|Any CPU.ActiveCfg = Debug|Any CPU
		{34F8880C-F143-4133-8B21-2BD7780AB1B8}.Debug|Any CPU.Build.0 = Debug|Any CPU
		{34F8880C-F143-4133-8B21-2BD7780AB1B8}.Release|Any CPU.ActiveCfg = Release|Any CPU
		{34F8880C-F143-4133-8B21-2BD7780AB1B8}.Release|Any CPU.Build.0 = Release|Any CPU
	EndGlobalSection
	GlobalSection(SolutionProperties) = preSolution
		HideSolutionNode = FALSE
	EndGlobalSection
	GlobalSection(ExtensibilityGlobals) = postSolution
		SolutionGuid = {E878B018-FEF2-40EB-B346-E93CB706D529}
	EndGlobalSection
EndGlobal
